
Microsoft Visual Studio Solution File, Format Version 12.00
# Visual Studio 15
VisualStudioVersion = 15.0.27130.2010
MinimumVisualStudioVersion = 10.0.40219.1
Project("{FAE04EC0-301F-11D3-BF4B-00C04F79EFBC}") = "Restaurant", "Restaurant\Restaurant.csproj", "{90BE37E0-20C4-4F56-B38C-68C01758304F}"
EndProject
Global
	GlobalSection(SolutionConfigurationPlatforms) = preSolution
		Debug|Any CPU = Debug|Any CPU
		Release|Any CPU = Release|Any CPU
	EndGlobalSection
	GlobalSection(ProjectConfigurationPlatforms) = postSolution
		{90BE37E0-20C4-4F56-B38C-68C01758304F}.Debug|Any CPU.ActiveCfg = Debug|Any CPU
		{90BE37E0-20C4-4F56-B38C-68C01758304F}.Debug|Any CPU.Build.0 = Debug|Any CPU
		{90BE37E0-20C4-4F56-B38C-68C01758304F}.Release|Any CPU.ActiveCfg = Release|Any CPU
		{90BE37E0-20C4-4F56-B38C-68C01758304F}.Release|Any CPU.Build.0 = Release|Any CPU
	EndGlobalSection
	GlobalSection(SolutionProperties) = preSolution
		HideSolutionNode = FALSE
	EndGlobalSection
	GlobalSection(ExtensibilityGlobals) = postSolution
		SolutionGuid = {3B373370-074A-4384-9279-EB5AF2B0EF0A}
	EndGlobalSection
EndGlobal
